
Microsoft Visual Studio Solution File, Format Version 12.00
# Visual Studio 15
VisualStudioVersion = 15.0.28010.2026
MinimumVisualStudioVersion = 10.0.40219.1
Project("{FAE04EC0-301F-11D3-BF4B-00C04F79EFBC}") = "appvectores", "appvectores\appvectores.csproj", "{7A1A6CE6-F340-4A27-A838-01B9AFDEE1EF}"
EndProject
Global
	GlobalSection(SolutionConfigurationPlatforms) = preSolution
		Debug|Any CPU = Debug|Any CPU
		Release|Any CPU = Release|Any CPU
	EndGlobalSection
	GlobalSection(ProjectConfigurationPlatforms) = postSolution
		{7A1A6CE6-F340-4A27-A838-01B9AFDEE1EF}.Debug|Any CPU.ActiveCfg = Debug|Any CPU
		{7A1A6CE6-F340-4A27-A838-01B9AFDEE1EF}.Debug|Any CPU.Build.0 = Debug|Any CPU
		{7A1A6CE6-F340-4A27-A838-01B9AFDEE1EF}.Release|Any CPU.ActiveCfg = Release|Any CPU
		{7A1A6CE6-F340-4A27-A838-01B9AFDEE1EF}.Release|Any CPU.Build.0 = Release|Any CPU
	EndGlobalSection
	GlobalSection(SolutionProperties) = preSolution
		HideSolutionNode = FALSE
	EndGlobalSection
	GlobalSection(ExtensibilityGlobals) = postSolution
		SolutionGuid = {C92C8E55-9499-4315-82F5-D7F73A88E923}
	EndGlobalSection
EndGlobal
